
Microsoft Visual Studio Solution File, Format Version 12.00
# Visual Studio Version 17
VisualStudioVersion = 17.11.35222.181
MinimumVisualStudioVersion = 10.0.40219.1
Project("{FAE04EC0-301F-11D3-BF4B-00C04F79EFBC}") = "FordonUthyrning3", "FordonUthyrning3\FordonUthyrning3.csproj", "{826B302D-7694-4911-B0E3-1D20D67661F2}"
EndProject
Global
	GlobalSection(SolutionConfigurationPlatforms) = preSolution
		Debug|Any CPU = Debug|Any CPU
		Release|Any CPU = Release|Any CPU
	EndGlobalSection
	GlobalSection(ProjectConfigurationPlatforms) = postSolution
		{826B302D-7694-4911-B0E3-1D20D67661F2}.Debug|Any CPU.ActiveCfg = Debug|Any CPU
		{826B302D-7694-4911-B0E3-1D20D67661F2}.Debug|Any CPU.Build.0 = Debug|Any CPU
		{826B302D-7694-4911-B0E3-1D20D67661F2}.Release|Any CPU.ActiveCfg = Release|Any CPU
		{826B302D-7694-4911-B0E3-1D20D67661F2}.Release|Any CPU.Build.0 = Release|Any CPU
	EndGlobalSection
	GlobalSection(SolutionProperties) = preSolution
		HideSolutionNode = FALSE
	EndGlobalSection
	GlobalSection(ExtensibilityGlobals) = postSolution
		SolutionGuid = {B3AC7232-C1E9-42B9-A06C-D03B523B5FCE}
	EndGlobalSection
EndGlobal
